
Microsoft Visual Studio Solution File, Format Version 12.00
# Visual Studio Version 17
VisualStudioVersion = 17.13.35919.96 d17.13
MinimumVisualStudioVersion = 10.0.40219.1
Project("{FAE04EC0-301F-11D3-BF4B-00C04F79EFBC}") = "ConsoleAppLINQ", "ConsoleAppLINQ\ConsoleAppLINQ.csproj", "{77F2ECE0-3EAF-4993-9C68-E11BC6F46BFE}"
EndProject
Global
	GlobalSection(SolutionConfigurationPlatforms) = preSolution
		Debug|Any CPU = Debug|Any CPU
		Release|Any CPU = Release|Any CPU
	EndGlobalSection
	GlobalSection(ProjectConfigurationPlatforms) = postSolution
		{77F2ECE0-3EAF-4993-9C68-E11BC6F46BFE}.Debug|Any CPU.ActiveCfg = Debug|Any CPU
		{77F2ECE0-3EAF-4993-9C68-E11BC6F46BFE}.Debug|Any CPU.Build.0 = Debug|Any CPU
		{77F2ECE0-3EAF-4993-9C68-E11BC6F46BFE}.Release|Any CPU.ActiveCfg = Release|Any CPU
		{77F2ECE0-3EAF-4993-9C68-E11BC6F46BFE}.Release|Any CPU.Build.0 = Release|Any CPU
	EndGlobalSection
	GlobalSection(SolutionProperties) = preSolution
		HideSolutionNode = FALSE
	EndGlobalSection
	GlobalSection(ExtensibilityGlobals) = postSolution
		SolutionGuid = {092936CC-9963-4A98-A08A-E2D6829297F1}
	EndGlobalSection
EndGlobal
